// !$*UTF8*$!
{
	archiveVersion = 1;
	classes = {
	};
	objectVersion = 56;
	objects = {

/* Begin PBXBuildFile section */
		C82B58D629BCF767000C5EAF /* NowViewController.swift in Sources */ = {isa = PBXBuildFile; fileRef = C82B58D529BCF767000C5EAF /* NowViewController.swift */; };
		C82B58D829BCFC4A000C5EAF /* NowPlaying.swift in Sources */ = {isa = PBXBuildFile; fileRef = C82B58D729BCFC4A000C5EAF /* NowPlaying.swift */; };
		C82B58DA29BCFE09000C5EAF /* NowCell.swift in Sources */ = {isa = PBXBuildFile; fileRef = C82B58D929BCFE09000C5EAF /* NowCell.swift */; };
		C8AD79D029B9AB8800DDD95A /* AppDelegate.swift in Sources */ = {isa = PBXBuildFile; fileRef = C8AD79CF29B9AB8800DDD95A /* AppDelegate.swift */; };
		C8AD79D229B9AB8800DDD95A /* SceneDelegate.swift in Sources */ = {isa = PBXBuildFile; fileRef = C8AD79D129B9AB8800DDD95A /* SceneDelegate.swift */; };
		C8AD79D429B9AB8800DDD95A /* MovieViewController.swift in Sources */ = {isa = PBXBuildFile; fileRef = C8AD79D329B9AB8800DDD95A /* MovieViewController.swift */; };
		C8AD79D729B9AB8800DDD95A /* Main.storyboard in Resources */ = {isa = PBXBuildFile; fileRef = C8AD79D529B9AB8800DDD95A /* Main.storyboard */; };
		C8AD79D929B9AB8900DDD95A /* Assets.xcassets in Resources */ = {isa = PBXBuildFile; fileRef = C8AD79D829B9AB8900DDD95A /* Assets.xcassets */; };
		C8AD79DC29B9AB8900DDD95A /* LaunchScreen.storyboard in Resources */ = {isa = PBXBuildFile; fileRef = C8AD79DA29B9AB8900DDD95A /* LaunchScreen.storyboard */; };
		C8AD79E729B9AB8A00DDD95A /* FlixsterTests.swift in Sources */ = {isa = PBXBuildFile; fileRef = C8AD79E629B9AB8A00DDD95A /* FlixsterTests.swift */; };
		C8AD79F129B9AB8A00DDD95A /* FlixsterUITests.swift in Sources */ = {isa = PBXBuildFile; fileRef = C8AD79F029B9AB8A00DDD95A /* FlixsterUITests.swift */; };
		C8AD79F329B9AB8A00DDD95A /* FlixsterUITestsLaunchTests.swift in Sources */ = {isa = PBXBuildFile; fileRef = C8AD79F229B9AB8A00DDD95A /* FlixsterUITestsLaunchTests.swift */; };
		C8AD7A0029B9B58B00DDD95A /* Movie.swift in Sources */ = {isa = PBXBuildFile; fileRef = C8AD79FF29B9B58B00DDD95A /* Movie.swift */; };
		C8AD7A0229BAA58600DDD95A /* MovieCell.swift in Sources */ = {isa = PBXBuildFile; fileRef = C8AD7A0129BAA58600DDD95A /* MovieCell.swift */; };
		C8AD7A1229BAD8AE00DDD95A /* Nuke in Frameworks */ = {isa = PBXBuildFile; productRef = C8AD7A1129BAD8AE00DDD95A /* Nuke */; };
		C8AD7A1429BADA3600DDD95A /* ViewController.swift in Sources */ = {isa = PBXBuildFile; fileRef = C8AD7A1329BADA3600DDD95A /* ViewController.swift */; };
/* End PBXBuildFile section */

/* Begin PBXContainerItemProxy section */
		C8AD79E329B9AB8A00DDD95A /* PBXContainerItemProxy */ = {
			isa = PBXContainerItemProxy;
			containerPortal = C8AD79C429B9AB8800DDD95A /* Project object */;
			proxyType = 1;
			remoteGlobalIDString = C8AD79CB29B9AB8800DDD95A;
			remoteInfo = Flixster;
		};
		C8AD79ED29B9AB8A00DDD95A /* PBXContainerItemProxy */ = {
			isa = PBXContainerItemProxy;
			containerPortal = C8AD79C429B9AB8800DDD95A /* Project object */;
			proxyType = 1;
			remoteGlobalIDString = C8AD79CB29B9AB8800DDD95A;
			remoteInfo = Flixster;
		};
/* End PBXContainerItemProxy section */

/* Begin PBXFileReference section */
		C82B58D529BCF767000C5EAF /* NowViewController.swift */ = {isa = PBXFileReference; lastKnownFileType = sourcecode.swift; path = NowViewController.swift; sourceTree = "<group>"; };
		C82B58D729BCFC4A000C5EAF /* NowPlaying.swift */ = {isa = PBXFileReference; lastKnownFileType = sourcecode.swift; path = NowPlaying.swift; sourceTree = "<group>"; };
		C82B58D929BCFE09000C5EAF /* NowCell.swift */ = {isa = PBXFileReference; lastKnownFileType = sourcecode.swift; path = NowCell.swift; sourceTree = "<group>"; };
		C8AD79CC29B9AB8800DDD95A /* Flixster.app */ = {isa = PBXFileReference; explicitFileType = wrapper.application; includeInIndex = 0; path = Flixster.app; sourceTree = BUILT_PRODUCTS_DIR; };
		C8AD79CF29B9AB8800DDD95A /* AppDelegate.swift */ = {isa = PBXFileReference; lastKnownFileType = sourcecode.swift; path = AppDelegate.swift; sourceTree = "<group>"; };
		C8AD79D129B9AB8800DDD95A /* SceneDelegate.swift */ = {isa = PBXFileReference; lastKnownFileType = sourcecode.swift; path = SceneDelegate.swift; sourceTree = "<group>"; };
		C8AD79D329B9AB8800DDD95A /* MovieViewController.swift */ = {isa = PBXFileReference; lastKnownFileType = sourcecode.swift; path = MovieViewController.swift; sourceTree = "<group>"; };
		C8AD79D629B9AB8800DDD95A /* Base */ = {isa = PBXFileReference; lastKnownFileType = file.storyboard; name = Base; path = Base.lproj/Main.storyboard; sourceTree = "<group>"; };
		C8AD79D829B9AB8900DDD95A /* Assets.xcassets */ = {isa = PBXFileReference; lastKnownFileType = folder.assetcatalog; path = Assets.xcassets; sourceTree = "<group>"; };
		C8AD79DB29B9AB8900DDD95A /* Base */ = {isa = PBXFileReference; lastKnownFileType = file.storyboard; name = Base; path = Base.lproj/LaunchScreen.storyboard; sourceTree = "<group>"; };
		C8AD79DD29B9AB8900DDD95A /* Info.plist */ = {isa = PBXFileReference; lastKnownFileType = text.plist.xml; path = Info.plist; sourceTree = "<group>"; };
		C8AD79E229B9AB8A00DDD95A /* FlixsterTests.xctest */ = {isa = PBXFileReference; explicitFileType = wrapper.cfbundle; includeInIndex = 0; path = FlixsterTests.xctest; sourceTree = BUILT_PRODUCTS_DIR; };
		C8AD79E629B9AB8A00DDD95A /* FlixsterTests.swift */ = {isa = PBXFileReference; lastKnownFileType = sourcecode.swift; path = FlixsterTests.swift; sourceTree = "<group>"; };
		C8AD79EC29B9AB8A00DDD95A /* FlixsterUITests.xctest */ = {isa = PBXFileReference; explicitFileType = wrapper.cfbundle; includeInIndex = 0; path = FlixsterUITests.xctest; sourceTree = BUILT_PRODUCTS_DIR; };
		C8AD79F029B9AB8A00DDD95A /* FlixsterUITests.swift */ = {isa = PBXFileReference; lastKnownFileType = sourcecode.swift; path = FlixsterUITests.swift; sourceTree = "<group>"; };
		C8AD79F229B9AB8A00DDD95A /* FlixsterUITestsLaunchTests.swift */ = {isa = PBXFileReference; lastKnownFileType = sourcecode.swift; path = FlixsterUITestsLaunchTests.swift; sourceTree = "<group>"; };
		C8AD79FF29B9B58B00DDD95A /* Movie.swift */ = {isa = PBXFileReference; lastKnownFileType = sourcecode.swift; path = Movie.swift; sourceTree = "<group>"; };
		C8AD7A0129BAA58600DDD95A /* MovieCell.swift */ = {isa = PBXFileReference; lastKnownFileType = sourcecode.swift; path = MovieCell.swift; sourceTree = "<group>"; };
		C8AD7A1329BADA3600DDD95A /* ViewController.swift */ = {isa = PBXFileReference; lastKnownFileType = sourcecode.swift; path = ViewController.swift; sourceTree = "<group>"; };
/* End PBXFileReference section */

/* Begin PBXFrameworksBuildPhase section */
		C8AD79C929B9AB8800DDD95A /* Frameworks */ = {
			isa = PBXFrameworksBuildPhase;
			buildActionMask = 2147483647;
			files = (
				C8AD7A1229BAD8AE00DDD95A /* Nuke in Frameworks */,
			);
			runOnlyForDeploymentPostprocessing = 0;
		};
		C8AD79DF29B9AB8A00DDD95A /* Frameworks */ = {
			isa = PBXFrameworksBuildPhase;
			buildActionMask = 2147483647;
			files = (
			);
			runOnlyForDeploymentPostprocessing = 0;
		};
		C8AD79E929B9AB8A00DDD95A /* Frameworks */ = {
			isa = PBXFrameworksBuildPhase;
			buildActionMask = 2147483647;
			files = (
			);
			runOnlyForDeploymentPostprocessing = 0;
		};
/* End PBXFrameworksBuildPhase section */

/* Begin PBXGroup section */
		C82B58D429BCECBC000C5EAF /* Models */ = {
			isa = PBXGroup;
			children = (
				C8AD79FF29B9B58B00DDD95A /* Movie.swift */,
				C82B58D729BCFC4A000C5EAF /* NowPlaying.swift */,
			);
			path = Models;
			sourceTree = "<group>";
		};
		C8AD79C329B9AB8800DDD95A = {
			isa = PBXGroup;
			children = (
				C8AD79CE29B9AB8800DDD95A /* Flixster */,
				C8AD79E529B9AB8A00DDD95A /* FlixsterTests */,
				C8AD79EF29B9AB8A00DDD95A /* FlixsterUITests */,
				C8AD79CD29B9AB8800DDD95A /* Products */,
			);
			sourceTree = "<group>";
		};
		C8AD79CD29B9AB8800DDD95A /* Products */ = {
			isa = PBXGroup;
			children = (
				C8AD79CC29B9AB8800DDD95A /* Flixster.app */,
				C8AD79E229B9AB8A00DDD95A /* FlixsterTests.xctest */,
				C8AD79EC29B9AB8A00DDD95A /* FlixsterUITests.xctest */,
			);
			name = Products;
			sourceTree = "<group>";
		};
		C8AD79CE29B9AB8800DDD95A /* Flixster */ = {
			isa = PBXGroup;
			children = (
				C82B58D429BCECBC000C5EAF /* Models */,
				C8AD79CF29B9AB8800DDD95A /* AppDelegate.swift */,
				C8AD79D129B9AB8800DDD95A /* SceneDelegate.swift */,
				C8AD79D329B9AB8800DDD95A /* MovieViewController.swift */,
				C8AD79D529B9AB8800DDD95A /* Main.storyboard */,
				C82B58D929BCFE09000C5EAF /* NowCell.swift */,
				C82B58D529BCF767000C5EAF /* NowViewController.swift */,
				C8AD7A1329BADA3600DDD95A /* ViewController.swift */,
				C8AD79D829B9AB8900DDD95A /* Assets.xcassets */,
				C8AD79DA29B9AB8900DDD95A /* LaunchScreen.storyboard */,
				C8AD79DD29B9AB8900DDD95A /* Info.plist */,
				C8AD7A0129BAA58600DDD95A /* MovieCell.swift */,
			);
			path = Flixster;
			sourceTree = "<group>";
		};
		C8AD79E529B9AB8A00DDD95A /* FlixsterTests */ = {
			isa = PBXGroup;
			children = (
				C8AD79E629B9AB8A00DDD95A /* FlixsterTests.swift */,
			);
			path = FlixsterTests;
			sourceTree = "<group>";
		};
		C8AD79EF29B9AB8A00DDD95A /* FlixsterUITests */ = {
			isa = PBXGroup;
			children = (
				C8AD79F029B9AB8A00DDD95A /* FlixsterUITests.swift */,
				C8AD79F229B9AB8A00DDD95A /* FlixsterUITestsLaunchTests.swift */,
			);
			path = FlixsterUITests;
			sourceTree = "<group>";
		};
/* End PBXGroup section */

/* Begin PBXNativeTarget section */
		C8AD79CB29B9AB8800DDD95A /* Flixster */ = {
			isa = PBXNativeTarget;
			buildConfigurationList = C8AD79F629B9AB8A00DDD95A /* Build configuration list for PBXNativeTarget "Flixster" */;
			buildPhases = (
				C8AD79C829B9AB8800DDD95A /* Sources */,
				C8AD79C929B9AB8800DDD95A /* Frameworks */,
				C8AD79CA29B9AB8800DDD95A /* Resources */,
			);
			buildRules = (
			);
			dependencies = (
			);
			name = Flixster;
			packageProductDependencies = (
				C8AD7A1129BAD8AE00DDD95A /* Nuke */,
			);
			productName = Flixster;
			productReference = C8AD79CC29B9AB8800DDD95A /* Flixster.app */;
			productType = "com.apple.product-type.application";
		};
		C8AD79E129B9AB8A00DDD95A /* FlixsterTests */ = {
			isa = PBXNativeTarget;
			buildConfigurationList = C8AD79F929B9AB8A00DDD95A /* Build configuration list for PBXNativeTarget "FlixsterTests" */;
			buildPhases = (
				C8AD79DE29B9AB8A00DDD95A /* Sources */,
				C8AD79DF29B9AB8A00DDD95A /* Frameworks */,
				C8AD79E029B9AB8A00DDD95A /* Resources */,
			);
			buildRules = (
			);
			dependencies = (
				C8AD79E429B9AB8A00DDD95A /* PBXTargetDependency */,
			);
			name = FlixsterTests;
			productName = FlixsterTests;
			productReference = C8AD79E229B9AB8A00DDD95A /* FlixsterTests.xctest */;
			productType = "com.apple.product-type.bundle.unit-test";
		};
		C8AD79EB29B9AB8A00DDD95A /* FlixsterUITests */ = {
			isa = PBXNativeTarget;
			buildConfigurationList = C8AD79FC29B9AB8A00DDD95A /* Build configuration list for PBXNativeTarget "FlixsterUITests" */;
			buildPhases = (
				C8AD79E829B9AB8A00DDD95A /* Sources */,
				C8AD79E929B9AB8A00DDD95A /* Frameworks */,
				C8AD79EA29B9AB8A00DDD95A /* Resources */,
			);
			buildRules = (
			);
			dependencies = (
				C8AD79EE29B9AB8A00DDD95A /* PBXTargetDependency */,
			);
			name = FlixsterUITests;
			productName = FlixsterUITests;
			productReference = C8AD79EC29B9AB8A00DDD95A /* FlixsterUITests.xctest */;
			productType = "com.apple.product-type.bundle.ui-testing";
		};
/* End PBXNativeTarget section */

/* Begin PBXProject section */
		C8AD79C429B9AB8800DDD95A /* Project object */ = {
			isa = PBXProject;
			attributes = {
				BuildIndependentTargetsInParallel = 1;
				LastSwiftUpdateCheck = 1420;
				LastUpgradeCheck = 1420;
				TargetAttributes = {
					C8AD79CB29B9AB8800DDD95A = {
						CreatedOnToolsVersion = 14.2;
					};
					C8AD79E129B9AB8A00DDD95A = {
						CreatedOnToolsVersion = 14.2;
						TestTargetID = C8AD79CB29B9AB8800DDD95A;
					};
					C8AD79EB29B9AB8A00DDD95A = {
						CreatedOnToolsVersion = 14.2;
						TestTargetID = C8AD79CB29B9AB8800DDD95A;
					};
				};
			};
			buildConfigurationList = C8AD79C729B9AB8800DDD95A /* Build configuration list for PBXProject "Flixster" */;
			compatibilityVersion = "Xcode 14.0";
			developmentRegion = en;
			hasScannedForEncodings = 0;
			knownRegions = (
				en,
				Base,
			);
			mainGroup = C8AD79C329B9AB8800DDD95A;
			packageReferences = (
				C8AD7A1029BAD8AE00DDD95A /* XCRemoteSwiftPackageReference "Nuke" */,
			);
			productRefGroup = C8AD79CD29B9AB8800DDD95A /* Products */;
			projectDirPath = "";
			projectRoot = "";
			targets = (
				C8AD79CB29B9AB8800DDD95A /* Flixster */,
				C8AD79E129B9AB8A00DDD95A /* FlixsterTests */,
				C8AD79EB29B9AB8A00DDD95A /* FlixsterUITests */,
			);
		};
/* End PBXProject section */

/* Begin PBXResourcesBuildPhase section */
		C8AD79CA29B9AB8800DDD95A /* Resources */ = {
			isa = PBXResourcesBuildPhase;
			buildActionMask = 2147483647;
			files = (
				C8AD79DC29B9AB8900DDD95A /* LaunchScreen.storyboard in Resources */,
				C8AD79D929B9AB8900DDD95A /* Assets.xcassets in Resources */,
				C8AD79D729B9AB8800DDD95A /* Main.storyboard in Resources */,
			);
			runOnlyForDeploymentPostprocessing = 0;
		};
		C8AD79E029B9AB8A00DDD95A /* Resources */ = {
			isa = PBXResourcesBuildPhase;
			buildActionMask = 2147483647;
			files = (
			);
			runOnlyForDeploymentPostprocessing = 0;
		};
		C8AD79EA29B9AB8A00DDD95A /* Resources */ = {
			isa = PBXResourcesBuildPhase;
			buildActionMask = 2147483647;
			files = (
			);
			runOnlyForDeploymentPostprocessing = 0;
		};
/* End PBXResourcesBuildPhase section */

/* Begin PBXSourcesBuildPhase section */
		C8AD79C829B9AB8800DDD95A /* Sources */ = {
			isa = PBXSourcesBuildPhase;
			buildActionMask = 2147483647;
			files = (
				C8AD7A1429BADA3600DDD95A /* ViewController.swift in Sources */,
				C8AD79D429B9AB8800DDD95A /* MovieViewController.swift in Sources */,
				C8AD79D029B9AB8800DDD95A /* AppDelegate.swift in Sources */,
				C82B58D829BCFC4A000C5EAF /* NowPlaying.swift in Sources */,
				C8AD79D229B9AB8800DDD95A /* SceneDelegate.swift in Sources */,
				C8AD7A0229BAA58600DDD95A /* MovieCell.swift in Sources */,
				C8AD7A0029B9B58B00DDD95A /* Movie.swift in Sources */,
				C82B58D629BCF767000C5EAF /* NowViewController.swift in Sources */,
				C82B58DA29BCFE09000C5EAF /* NowCell.swift in Sources */,
			);
			runOnlyForDeploymentPostprocessing = 0;
		};
		C8AD79DE29B9AB8A00DDD95A /* Sources */ = {
			isa = PBXSourcesBuildPhase;
			buildActionMask = 2147483647;
			files = (
				C8AD79E729B9AB8A00DDD95A /* FlixsterTests.swift in Sources */,
			);
			runOnlyForDeploymentPostprocessing = 0;
		};
		C8AD79E829B9AB8A00DDD95A /* Sources */ = {
			isa = PBXSourcesBuildPhase;
			buildActionMask = 2147483647;
			files = (
				C8AD79F329B9AB8A00DDD95A /* FlixsterUITestsLaunchTests.swift in Sources */,
				C8AD79F129B9AB8A00DDD95A /* FlixsterUITests.swift in Sources */,
			);
			runOnlyForDeploymentPostprocessing = 0;
		};
/* End PBXSourcesBuildPhase section */

/* Begin PBXTargetDependency section */
		C8AD79E429B9AB8A00DDD95A /* PBXTargetDependency */ = {
			isa = PBXTargetDependency;
			target = C8AD79CB29B9AB8800DDD95A /* Flixster */;
			targetProxy = C8AD79E329B9AB8A00DDD95A /* PBXContainerItemProxy */;
		};
		C8AD79EE29B9AB8A00DDD95A /* PBXTargetDependency */ = {
			isa = PBXTargetDependency;
			target = C8AD79CB29B9AB8800DDD95A /* Flixster */;
			targetProxy = C8AD79ED29B9AB8A00DDD95A /* PBXContainerItemProxy */;
		};
/* End PBXTargetDependency section */

/* Begin PBXVariantGroup section */
		C8AD79D529B9AB8800DDD95A /* Main.storyboard */ = {
			isa = PBXVariantGroup;
			children = (
				C8AD79D629B9AB8800DDD95A /* Base */,
			);
			name = Main.storyboard;
			sourceTree = "<group>";
		};
		C8AD79DA29B9AB8900DDD95A /* LaunchScreen.storyboard */ = {
			isa = PBXVariantGroup;
			children = (
				C8AD79DB29B9AB8900DDD95A /* Base */,
			);
			name = LaunchScreen.storyboard;
			sourceTree = "<group>";
		};
/* End PBXVariantGroup section */

/* Begin XCBuildConfiguration section */
		C8AD79F429B9AB8A00DDD95A /* Debug */ = {
			isa = XCBuildConfiguration;
			buildSettings = {
				ALWAYS_SEARCH_USER_PATHS = NO;
				CLANG_ANALYZER_NONNULL = YES;
				CLANG_ANALYZER_NUMBER_OBJECT_CONVERSION = YES_AGGRESSIVE;
				CLANG_CXX_LANGUAGE_STANDARD = "gnu++20";
				CLANG_ENABLE_MODULES = YES;
				CLANG_ENABLE_OBJC_ARC = YES;
				CLANG_ENABLE_OBJC_WEAK = YES;
				CLANG_WARN_BLOCK_CAPTURE_AUTORELEASING = YES;
				CLANG_WARN_BOOL_CONVERSION = YES;
				CLANG_WARN_COMMA = YES;
				CLANG_WARN_CONSTANT_CONVERSION = YES;
				CLANG_WARN_DEPRECATED_OBJC_IMPLEMENTATIONS = YES;
				CLANG_WARN_DIRECT_OBJC_ISA_USAGE = YES_ERROR;
				CLANG_WARN_DOCUMENTATION_COMMENTS = YES;
				CLANG_WARN_EMPTY_BODY = YES;
				CLANG_WARN_ENUM_CONVERSION = YES;
				CLANG_WARN_INFINITE_RECURSION = YES;
				CLANG_WARN_INT_CONVERSION = YES;
				CLANG_WARN_NON_LITERAL_NULL_CONVERSION = YES;
				CLANG_WARN_OBJC_IMPLICIT_RETAIN_SELF = YES;
				CLANG_WARN_OBJC_LITERAL_CONVERSION = YES;
				CLANG_WARN_OBJC_ROOT_CLASS = YES_ERROR;
				CLANG_WARN_QUOTED_INCLUDE_IN_FRAMEWORK_HEADER = YES;
				CLANG_WARN_RANGE_LOOP_ANALYSIS = YES;
				CLANG_WARN_STRICT_PROTOTYPES = YES;
				CLANG_WARN_SUSPICIOUS_MOVE = YES;
				CLANG_WARN_UNGUARDED_AVAILABILITY = YES_AGGRESSIVE;
				CLANG_WARN_UNREACHABLE_CODE = YES;
				CLANG_WARN__DUPLICATE_METHOD_MATCH = YES;
				COPY_PHASE_STRIP = NO;
				DEBUG_INFORMATION_FORMAT = dwarf;
				ENABLE_STRICT_OBJC_MSGSEND = YES;
				ENABLE_TESTABILITY = YES;
				GCC_C_LANGUAGE_STANDARD = gnu11;
				GCC_DYNAMIC_NO_PIC = NO;
				GCC_NO_COMMON_BLOCKS = YES;
				GCC_OPTIMIZATION_LEVEL = 0;
				GCC_PREPROCESSOR_DEFINITIONS = (
					"DEBUG=1",
					"$(inherited)",
				);
				GCC_WARN_64_TO_32_BIT_CONVERSION = YES;
				GCC_WARN_ABOUT_RETURN_TYPE = YES_ERROR;
				GCC_WARN_UNDECLARED_SELECTOR = YES;
				GCC_WARN_UNINITIALIZED_AUTOS = YES_AGGRESSIVE;
				GCC_WARN_UNUSED_FUNCTION = YES;
				GCC_WARN_UNUSED_VARIABLE = YES;
				IPHONEOS_DEPLOYMENT_TARGET = 16.2;
				MTL_ENABLE_DEBUG_INFO = INCLUDE_SOURCE;
				MTL_FAST_MATH = YES;
				ONLY_ACTIVE_ARCH = YES;
				SDKROOT = iphoneos;
				SWIFT_ACTIVE_COMPILATION_CONDITIONS = DEBUG;
				SWIFT_OPTIMIZATION_LEVEL = "-Onone";
			};
			name = Debug;
		};
		C8AD79F529B9AB8A00DDD95A /* Release */ = {
			isa = XCBuildConfiguration;
			buildSettings = {
				ALWAYS_SEARCH_USER_PATHS = NO;
				CLANG_ANALYZER_NONNULL = YES;
				CLANG_ANALYZER_NUMBER_OBJECT_CONVERSION = YES_AGGRESSIVE;
				CLANG_CXX_LANGUAGE_STANDARD = "gnu++20";
				CLANG_ENABLE_MODULES = YES;
				CLANG_ENABLE_OBJC_ARC = YES;
				CLANG_ENABLE_OBJC_WEAK = YES;
				CLANG_WARN_BLOCK_CAPTURE_AUTORELEASING = YES;
				CLANG_WARN_BOOL_CONVERSION = YES;
				CLANG_WARN_COMMA = YES;
				CLANG_WARN_CONSTANT_CONVERSION = YES;
				CLANG_WARN_DEPRECATED_OBJC_IMPLEMENTATIONS = YES;
				CLANG_WARN_DIRECT_OBJC_ISA_USAGE = YES_ERROR;
				CLANG_WARN_DOCUMENTATION_COMMENTS = YES;
				CLANG_WARN_EMPTY_BODY = YES;
				CLANG_WARN_ENUM_CONVERSION = YES;
				CLANG_WARN_INFINITE_RECURSION = YES;
				CLANG_WARN_INT_CONVERSION = YES;
				CLANG_WARN_NON_LITERAL_NULL_CONVERSION = YES;
				CLANG_WARN_OBJC_IMPLICIT_RETAIN_SELF = YES;
				CLANG_WARN_OBJC_LITERAL_CONVERSION = YES;
				CLANG_WARN_OBJC_ROOT_CLASS = YES_ERROR;
				CLANG_WARN_QUOTED_INCLUDE_IN_FRAMEWORK_HEADER = YES;
				CLANG_WARN_RANGE_LOOP_ANALYSIS = YES;
				CLANG_WARN_STRICT_PROTOTYPES = YES;
				CLANG_WARN_SUSPICIOUS_MOVE = YES;
				CLANG_WARN_UNGUARDED_AVAILABILITY = YES_AGGRESSIVE;
				CLANG_WARN_UNREACHABLE_CODE = YES;
				CLANG_WARN__DUPLICATE_METHOD_MATCH = YES;
				COPY_PHASE_STRIP = NO;
				DEBUG_INFORMATION_FORMAT = "dwarf-with-dsym";
				ENABLE_NS_ASSERTIONS = NO;
				ENABLE_STRICT_OBJC_MSGSEND = YES;
				GCC_C_LANGUAGE_STANDARD = gnu11;
				GCC_NO_COMMON_BLOCKS = YES;
				GCC_WARN_64_TO_32_BIT_CONVERSION = YES;
				GCC_WARN_ABOUT_RETURN_TYPE = YES_ERROR;
				GCC_WARN_UNDECLARED_SELECTOR = YES;
				GCC_WARN_UNINITIALIZED_AUTOS = YES_AGGRESSIVE;
				GCC_WARN_UNUSED_FUNCTION = YES;
				GCC_WARN_UNUSED_VARIABLE = YES;
				IPHONEOS_DEPLOYMENT_TARGET = 16.2;
				MTL_ENABLE_DEBUG_INFO = NO;
				MTL_FAST_MATH = YES;
				SDKROOT = iphoneos;
				SWIFT_COMPILATION_MODE = wholemodule;
				SWIFT_OPTIMIZATION_LEVEL = "-O";
				VALIDATE_PRODUCT = YES;
			};
			name = Release;
		};
		C8AD79F729B9AB8A00DDD95A /* Debug */ = {
			isa = XCBuildConfiguration;
			buildSettings = {
				ASSETCATALOG_COMPILER_APPICON_NAME = AppIcon;
				ASSETCATALOG_COMPILER_GLOBAL_ACCENT_COLOR_NAME = AccentColor;
				CODE_SIGN_STYLE = Automatic;
				CURRENT_PROJECT_VERSION = 1;
				DEVELOPMENT_TEAM = D6R9U89NTK;
				GENERATE_INFOPLIST_FILE = YES;
				INFOPLIST_FILE = Flixster/Info.plist;
				INFOPLIST_KEY_UIApplicationSupportsIndirectInputEvents = YES;
				INFOPLIST_KEY_UILaunchStoryboardName = LaunchScreen;
				INFOPLIST_KEY_UIMainStoryboardFile = Main;
				INFOPLIST_KEY_UISupportedInterfaceOrientations_iPad = "UIInterfaceOrientationPortrait UIInterfaceOrientationPortraitUpsideDown UIInterfaceOrientationLandscapeLeft UIInterfaceOrientationLandscapeRight";
				INFOPLIST_KEY_UISupportedInterfaceOrientations_iPhone = "UIInterfaceOrientationPortrait UIInterfaceOrientationLandscapeLeft UIInterfaceOrientationLandscapeRight";
				LD_RUNPATH_SEARCH_PATHS = (
					"$(inherited)",
					"@executable_path/Frameworks",
				);
				MARKETING_VERSION = 1.0;
				PRODUCT_BUNDLE_IDENTIFIER = Codepath.Flixster;
				PRODUCT_NAME = "$(TARGET_NAME)";
				SWIFT_EMIT_LOC_STRINGS = YES;
				SWIFT_VERSION = 5.0;
				TARGETED_DEVICE_FAMILY = "1,2";
			};
			name = Debug;
		};
		C8AD79F829B9AB8A00DDD95A /* Release */ = {
			isa = XCBuildConfiguration;
			buildSettings = {
				ASSETCATALOG_COMPILER_APPICON_NAME = AppIcon;
				ASSETCATALOG_COMPILER_GLOBAL_ACCENT_COLOR_NAME = AccentColor;
				CODE_SIGN_STYLE = Automatic;
				CURRENT_PROJECT_VERSION = 1;
				DEVELOPMENT_TEAM = D6R9U89NTK;
				GENERATE_INFOPLIST_FILE = YES;
				INFOPLIST_FILE = Flixster/Info.plist;
				INFOPLIST_KEY_UIApplicationSupportsIndirectInputEvents = YES;
				INFOPLIST_KEY_UILaunchStoryboardName = LaunchScreen;
				INFOPLIST_KEY_UIMainStoryboardFile = Main;
				INFOPLIST_KEY_UISupportedInterfaceOrientations_iPad = "UIInterfaceOrientationPortrait UIInterfaceOrientationPortraitUpsideDown UIInterfaceOrientationLandscapeLeft UIInterfaceOrientationLandscapeRight";
				INFOPLIST_KEY_UISupportedInterfaceOrientations_iPhone = "UIInterfaceOrientationPortrait UIInterfaceOrientationLandscapeLeft UIInterfaceOrientationLandscapeRight";
				LD_RUNPATH_SEARCH_PATHS = (
					"$(inherited)",
					"@executable_path/Frameworks",
				);
				MARKETING_VERSION = 1.0;
				PRODUCT_BUNDLE_IDENTIFIER = Codepath.Flixster;
				PRODUCT_NAME = "$(TARGET_NAME)";
				SWIFT_EMIT_LOC_STRINGS = YES;
				SWIFT_VERSION = 5.0;
				TARGETED_DEVICE_FAMILY = "1,2";
			};
			name = Release;
		};
		C8AD79FA29B9AB8A00DDD95A /* Debug */ = {
			isa = XCBuildConfiguration;
			buildSettings = {
				ALWAYS_EMBED_SWIFT_STANDARD_LIBRARIES = YES;
				BUNDLE_LOADER = "$(TEST_HOST)";
				CODE_SIGN_STYLE = Automatic;
				CURRENT_PROJECT_VERSION = 1;
				DEVELOPMENT_TEAM = D6R9U89NTK;
				GENERATE_INFOPLIST_FILE = YES;
				IPHONEOS_DEPLOYMENT_TARGET = 16.2;
				MARKETING_VERSION = 1.0;
				PRODUCT_BUNDLE_IDENTIFIER = Codepath.FlixsterTests;
				PRODUCT_NAME = "$(TARGET_NAME)";
				SWIFT_EMIT_LOC_STRINGS = NO;
				SWIFT_VERSION = 5.0;
				TARGETED_DEVICE_FAMILY = "1,2";
				TEST_HOST = "$(BUILT_PRODUCTS_DIR)/Flixster.app/$(BUNDLE_EXECUTABLE_FOLDER_PATH)/Flixster";
			};
			name = Debug;
		};
		C8AD79FB29B9AB8A00DDD95A /* Release */ = {
			isa = XCBuildConfiguration;
			buildSettings = {
				ALWAYS_EMBED_SWIFT_STANDARD_LIBRARIES = YES;
				BUNDLE_LOADER = "$(TEST_HOST)";
				CODE_SIGN_STYLE = Automatic;
				CURRENT_PROJECT_VERSION = 1;
				DEVELOPMENT_TEAM = D6R9U89NTK;
				GENERATE_INFOPLIST_FILE = YES;
				IPHONEOS_DEPLOYMENT_TARGET = 16.2;
				MARKETING_VERSION = 1.0;
				PRODUCT_BUNDLE_IDENTIFIER = Codepath.FlixsterTests;
				PRODUCT_NAME = "$(TARGET_NAME)";
				SWIFT_EMIT_LOC_STRINGS = NO;
				SWIFT_VERSION = 5.0;
				TARGETED_DEVICE_FAMILY = "1,2";
				TEST_HOST = "$(BUILT_PRODUCTS_DIR)/Flixster.app/$(BUNDLE_EXECUTABLE_FOLDER_PATH)/Flixster";
			};
			name = Release;
		};
		C8AD79FD29B9AB8A00DDD95A /* Debug */ = {
			isa = XCBuildConfiguration;
			buildSettings = {
				ALWAYS_EMBED_SWIFT_STANDARD_LIBRARIES = YES;
				CODE_SIGN_STYLE = Automatic;
				CURRENT_PROJECT_VERSION = 1;
				DEVELOPMENT_TEAM = D6R9U89NTK;
				GENERATE_INFOPLIST_FILE = YES;
				MARKETING_VERSION = 1.0;
				PRODUCT_BUNDLE_IDENTIFIER = Codepath.FlixsterUITests;
				PRODUCT_NAME = "$(TARGET_NAME)";
				SWIFT_EMIT_LOC_STRINGS = NO;
				SWIFT_VERSION = 5.0;
				TARGETED_DEVICE_FAMILY = "1,2";
				TEST_TARGET_NAME = Flixster;
			};
			name = Debug;
		};
		C8AD79FE29B9AB8A00DDD95A /* Release */ = {
			isa = XCBuildConfiguration;
			buildSettings = {
				ALWAYS_EMBED_SWIFT_STANDARD_LIBRARIES = YES;
				CODE_SIGN_STYLE = Automatic;
				CURRENT_PROJECT_VERSION = 1;
				DEVELOPMENT_TEAM = D6R9U89NTK;
				GENERATE_INFOPLIST_FILE = YES;
				MARKETING_VERSION = 1.0;
				PRODUCT_BUNDLE_IDENTIFIER = Codepath.FlixsterUITests;
				PRODUCT_NAME = "$(TARGET_NAME)";
				SWIFT_EMIT_LOC_STRINGS = NO;
				SWIFT_VERSION = 5.0;
				TARGETED_DEVICE_FAMILY = "1,2";
				TEST_TARGET_NAME = Flixster;
			};
			name = Release;
		};
/* End XCBuildConfiguration section */

/* Begin XCConfigurationList section */
		C8AD79C729B9AB8800DDD95A /* Build configuration list for PBXProject "Flixster" */ = {
			isa = XCConfigurationList;
			buildConfigurations = (
				C8AD79F429B9AB8A00DDD95A /* Debug */,
				C8AD79F529B9AB8A00DDD95A /* Release */,
			);
			defaultConfigurationIsVisible = 0;
			defaultConfigurationName = Release;
		};
		C8AD79F629B9AB8A00DDD95A /* Build configuration list for PBXNativeTarget "Flixster" */ = {
			isa = XCConfigurationList;
			buildConfigurations = (
				C8AD79F729B9AB8A00DDD95A /* Debug */,
				C8AD79F829B9AB8A00DDD95A /* Release */,
			);
			defaultConfigurationIsVisible = 0;
			defaultConfigurationName = Release;
		};
		C8AD79F929B9AB8A00DDD95A /* Build configuration list for PBXNativeTarget "FlixsterTests" */ = {
			isa = XCConfigurationList;
			buildConfigurations = (
				C8AD79FA29B9AB8A00DDD95A /* Debug */,
				C8AD79FB29B9AB8A00DDD95A /* Release */,
			);
			defaultConfigurationIsVisible = 0;
			defaultConfigurationName = Release;
		};
		C8AD79FC29B9AB8A00DDD95A /* Build configuration list for PBXNativeTarget "FlixsterUITests" */ = {
			isa = XCConfigurationList;
			buildConfigurations = (
				C8AD79FD29B9AB8A00DDD95A /* Debug */,
				C8AD79FE29B9AB8A00DDD95A /* Release */,
			);
			defaultConfigurationIsVisible = 0;
			defaultConfigurationName = Release;
		};
/* End XCConfigurationList section */

/* Begin XCRemoteSwiftPackageReference section */
		C8AD7A1029BAD8AE00DDD95A /* XCRemoteSwiftPackageReference "Nuke" */ = {
			isa = XCRemoteSwiftPackageReference;
			repositoryURL = "https://github.com/kean/Nuke";
			requirement = {
				kind = upToNextMajorVersion;
				minimumVersion = 9.0.0;
			};
		};
/* End XCRemoteSwiftPackageReference section */

/* Begin XCSwiftPackageProductDependency section */
		C8AD7A1129BAD8AE00DDD95A /* Nuke */ = {
			isa = XCSwiftPackageProductDependency;
			package = C8AD7A1029BAD8AE00DDD95A /* XCRemoteSwiftPackageReference "Nuke" */;
			productName = Nuke;
		};
/* End XCSwiftPackageProductDependency section */
	};
	rootObject = C8AD79C429B9AB8800DDD95A /* Project object */;
}
